// !$*UTF8*$!
{
	archiveVersion = 1;
	classes = {
	};
	objectVersion = 56;
	objects = {

/* Begin PBXBuildFile section */
		8C24CFF52B2785160061B63C /* BooksSummaryApp.swift in Sources */ = {isa = PBXBuildFile; fileRef = 8C24CFF42B2785160061B63C /* BooksSummaryApp.swift */; };
		8C24CFF72B2785160061B63C /* SummaryView.swift in Sources */ = {isa = PBXBuildFile; fileRef = 8C24CFF62B2785160061B63C /* SummaryView.swift */; };
		8C24CFF92B2785180061B63C /* Assets.xcassets in Resources */ = {isa = PBXBuildFile; fileRef = 8C24CFF82B2785180061B63C /* Assets.xcassets */; };
		8C24CFFC2B2785180061B63C /* Preview Assets.xcassets in Resources */ = {isa = PBXBuildFile; fileRef = 8C24CFFB2B2785180061B63C /* Preview Assets.xcassets */; };
		8C24D0042B2786640061B63C /* ComposableArchitecture in Frameworks */ = {isa = PBXBuildFile; productRef = 8C24D0032B2786640061B63C /* ComposableArchitecture */; };
		8C65F4FC2B2872A7004FB8A0 /* Summary.swift in Sources */ = {isa = PBXBuildFile; fileRef = 8C65F4FB2B2872A7004FB8A0 /* Summary.swift */; };
		8C65F4FE2B287C9E004FB8A0 /* SummaryModeToggleStyle.swift in Sources */ = {isa = PBXBuildFile; fileRef = 8C65F4FD2B287C9E004FB8A0 /* SummaryModeToggleStyle.swift */; };
		8C65F5002B287FA5004FB8A0 /* SummarySliderView.swift in Sources */ = {isa = PBXBuildFile; fileRef = 8C65F4FF2B287FA5004FB8A0 /* SummarySliderView.swift */; };
/* End PBXBuildFile section */

/* Begin PBXFileReference section */
		8C24CFF12B2785160061B63C /* BooksSummary.app */ = {isa = PBXFileReference; explicitFileType = wrapper.application; includeInIndex = 0; path = BooksSummary.app; sourceTree = BUILT_PRODUCTS_DIR; };
		8C24CFF42B2785160061B63C /* BooksSummaryApp.swift */ = {isa = PBXFileReference; lastKnownFileType = sourcecode.swift; path = BooksSummaryApp.swift; sourceTree = "<group>"; };
		8C24CFF62B2785160061B63C /* SummaryView.swift */ = {isa = PBXFileReference; lastKnownFileType = sourcecode.swift; path = SummaryView.swift; sourceTree = "<group>"; };
		8C24CFF82B2785180061B63C /* Assets.xcassets */ = {isa = PBXFileReference; lastKnownFileType = folder.assetcatalog; path = Assets.xcassets; sourceTree = "<group>"; };
		8C24CFFB2B2785180061B63C /* Preview Assets.xcassets */ = {isa = PBXFileReference; lastKnownFileType = folder.assetcatalog; path = "Preview Assets.xcassets"; sourceTree = "<group>"; };
		8C65F4FB2B2872A7004FB8A0 /* Summary.swift */ = {isa = PBXFileReference; lastKnownFileType = sourcecode.swift; path = Summary.swift; sourceTree = "<group>"; };
		8C65F4FD2B287C9E004FB8A0 /* SummaryModeToggleStyle.swift */ = {isa = PBXFileReference; lastKnownFileType = sourcecode.swift; path = SummaryModeToggleStyle.swift; sourceTree = "<group>"; };
		8C65F4FF2B287FA5004FB8A0 /* SummarySliderView.swift */ = {isa = PBXFileReference; lastKnownFileType = sourcecode.swift; path = SummarySliderView.swift; sourceTree = "<group>"; };
/* End PBXFileReference section */

/* Begin PBXFrameworksBuildPhase section */
		8C24CFEE2B2785160061B63C /* Frameworks */ = {
			isa = PBXFrameworksBuildPhase;
			buildActionMask = 2147483647;
			files = (
				8C24D0042B2786640061B63C /* ComposableArchitecture in Frameworks */,
			);
			runOnlyForDeploymentPostprocessing = 0;
		};
/* End PBXFrameworksBuildPhase section */

/* Begin PBXGroup section */
		8C24CFE82B2785160061B63C = {
			isa = PBXGroup;
			children = (
				8C24CFF32B2785160061B63C /* BooksSummary */,
				8C24CFF22B2785160061B63C /* Products */,
			);
			sourceTree = "<group>";
		};
		8C24CFF22B2785160061B63C /* Products */ = {
			isa = PBXGroup;
			children = (
				8C24CFF12B2785160061B63C /* BooksSummary.app */,
			);
			name = Products;
			sourceTree = "<group>";
		};
		8C24CFF32B2785160061B63C /* BooksSummary */ = {
			isa = PBXGroup;
			children = (
				8C24CFF42B2785160061B63C /* BooksSummaryApp.swift */,
				8C65F4FB2B2872A7004FB8A0 /* Summary.swift */,
				8C24CFF62B2785160061B63C /* SummaryView.swift */,
				8C65F4FF2B287FA5004FB8A0 /* SummarySliderView.swift */,
				8C65F4FD2B287C9E004FB8A0 /* SummaryModeToggleStyle.swift */,
				8C24CFF82B2785180061B63C /* Assets.xcassets */,
				8C24CFFA2B2785180061B63C /* Preview Content */,
			);
			path = BooksSummary;
			sourceTree = "<group>";
		};
		8C24CFFA2B2785180061B63C /* Preview Content */ = {
			isa = PBXGroup;
			children = (
				8C24CFFB2B2785180061B63C /* Preview Assets.xcassets */,
			);
			path = "Preview Content";
			sourceTree = "<group>";
		};
/* End PBXGroup section */

/* Begin PBXNativeTarget section */
		8C24CFF02B2785160061B63C /* BooksSummary */ = {
			isa = PBXNativeTarget;
			buildConfigurationList = 8C24CFFF2B2785180061B63C /* Build configuration list for PBXNativeTarget "BooksSummary" */;
			buildPhases = (
				8C24CFED2B2785160061B63C /* Sources */,
				8C24CFEE2B2785160061B63C /* Frameworks */,
				8C24CFEF2B2785160061B63C /* Resources */,
			);
			buildRules = (
			);
			dependencies = (
			);
			name = BooksSummary;
			packageProductDependencies = (
				8C24D0032B2786640061B63C /* ComposableArchitecture */,
			);
			productName = BooksSummary;
			productReference = 8C24CFF12B2785160061B63C /* BooksSummary.app */;
			productType = "com.apple.product-type.application";
		};
/* End PBXNativeTarget section */

/* Begin PBXProject section */
		8C24CFE92B2785160061B63C /* Project object */ = {
			isa = PBXProject;
			attributes = {
				BuildIndependentTargetsInParallel = 1;
				LastSwiftUpdateCheck = 1500;
				LastUpgradeCheck = 1500;
				TargetAttributes = {
					8C24CFF02B2785160061B63C = {
						CreatedOnToolsVersion = 15.0.1;
					};
				};
			};
			buildConfigurationList = 8C24CFEC2B2785160061B63C /* Build configuration list for PBXProject "BooksSummary" */;
			compatibilityVersion = "Xcode 14.0";
			developmentRegion = en;
			hasScannedForEncodings = 0;
			knownRegions = (
				en,
				Base,
			);
			mainGroup = 8C24CFE82B2785160061B63C;
			packageReferences = (
				8C24D0022B2786640061B63C /* XCRemoteSwiftPackageReference "swift-composable-architecture" */,
			);
			productRefGroup = 8C24CFF22B2785160061B63C /* Products */;
			projectDirPath = "";
			projectRoot = "";
			targets = (
				8C24CFF02B2785160061B63C /* BooksSummary */,
			);
		};
/* End PBXProject section */

/* Begin PBXResourcesBuildPhase section */
		8C24CFEF2B2785160061B63C /* Resources */ = {
			isa = PBXResourcesBuildPhase;
			buildActionMask = 2147483647;
			files = (
				8C24CFFC2B2785180061B63C /* Preview Assets.xcassets in Resources */,
				8C24CFF92B2785180061B63C /* Assets.xcassets in Resources */,
			);
			runOnlyForDeploymentPostprocessing = 0;
		};
/* End PBXResourcesBuildPhase section */

/* Begin PBXSourcesBuildPhase section */
		8C24CFED2B2785160061B63C /* Sources */ = {
			isa = PBXSourcesBuildPhase;
			buildActionMask = 2147483647;
			files = (
				8C24CFF72B2785160061B63C /* SummaryView.swift in Sources */,
				8C65F4FE2B287C9E004FB8A0 /* SummaryModeToggleStyle.swift in Sources */,
				8C65F4FC2B2872A7004FB8A0 /* Summary.swift in Sources */,
				8C24CFF52B2785160061B63C /* BooksSummaryApp.swift in Sources */,
				8C65F5002B287FA5004FB8A0 /* SummarySliderView.swift in Sources */,
			);
			runOnlyForDeploymentPostprocessing = 0;
		};
/* End PBXSourcesBuildPhase section */

/* Begin XCBuildConfiguration section */
		8C24CFFD2B2785180061B63C /* Debug */ = {
			isa = XCBuildConfiguration;
			buildSettings = {
				ALWAYS_SEARCH_USER_PATHS = NO;
				ASSETCATALOG_COMPILER_GENERATE_SWIFT_ASSET_SYMBOL_EXTENSIONS = YES;
				CLANG_ANALYZER_NONNULL = YES;
				CLANG_ANALYZER_NUMBER_OBJECT_CONVERSION = YES_AGGRESSIVE;
				CLANG_CXX_LANGUAGE_STANDARD = "gnu++20";
				CLANG_ENABLE_MODULES = YES;
				CLANG_ENABLE_OBJC_ARC = YES;
				CLANG_ENABLE_OBJC_WEAK = YES;
				CLANG_WARN_BLOCK_CAPTURE_AUTORELEASING = YES;
				CLANG_WARN_BOOL_CONVERSION = YES;
				CLANG_WARN_COMMA = YES;
				CLANG_WARN_CONSTANT_CONVERSION = YES;
				CLANG_WARN_DEPRECATED_OBJC_IMPLEMENTATIONS = YES;
				CLANG_WARN_DIRECT_OBJC_ISA_USAGE = YES_ERROR;
				CLANG_WARN_DOCUMENTATION_COMMENTS = YES;
				CLANG_WARN_EMPTY_BODY = YES;
				CLANG_WARN_ENUM_CONVERSION = YES;
				CLANG_WARN_INFINITE_RECURSION = YES;
				CLANG_WARN_INT_CONVERSION = YES;
				CLANG_WARN_NON_LITERAL_NULL_CONVERSION = YES;
				CLANG_WARN_OBJC_IMPLICIT_RETAIN_SELF = YES;
				CLANG_WARN_OBJC_LITERAL_CONVERSION = YES;
				CLANG_WARN_OBJC_ROOT_CLASS = YES_ERROR;
				CLANG_WARN_QUOTED_INCLUDE_IN_FRAMEWORK_HEADER = YES;
				CLANG_WARN_RANGE_LOOP_ANALYSIS = YES;
				CLANG_WARN_STRICT_PROTOTYPES = YES;
				CLANG_WARN_SUSPICIOUS_MOVE = YES;
				CLANG_WARN_UNGUARDED_AVAILABILITY = YES_AGGRESSIVE;
				CLANG_WARN_UNREACHABLE_CODE = YES;
				CLANG_WARN__DUPLICATE_METHOD_MATCH = YES;
				COPY_PHASE_STRIP = NO;
				DEBUG_INFORMATION_FORMAT = dwarf;
				ENABLE_STRICT_OBJC_MSGSEND = YES;
				ENABLE_TESTABILITY = YES;
				ENABLE_USER_SCRIPT_SANDBOXING = YES;
				GCC_C_LANGUAGE_STANDARD = gnu17;
				GCC_DYNAMIC_NO_PIC = NO;
				GCC_NO_COMMON_BLOCKS = YES;
				GCC_OPTIMIZATION_LEVEL = 0;
				GCC_PREPROCESSOR_DEFINITIONS = (
					"DEBUG=1",
					"$(inherited)",
				);
				GCC_WARN_64_TO_32_BIT_CONVERSION = YES;
				GCC_WARN_ABOUT_RETURN_TYPE = YES_ERROR;
				GCC_WARN_UNDECLARED_SELECTOR = YES;
				GCC_WARN_UNINITIALIZED_AUTOS = YES_AGGRESSIVE;
				GCC_WARN_UNUSED_FUNCTION = YES;
				GCC_WARN_UNUSED_VARIABLE = YES;
				IPHONEOS_DEPLOYMENT_TARGET = 17.0;
				LOCALIZATION_PREFERS_STRING_CATALOGS = YES;
				MTL_ENABLE_DEBUG_INFO = INCLUDE_SOURCE;
				MTL_FAST_MATH = YES;
				ONLY_ACTIVE_ARCH = YES;
				SDKROOT = iphoneos;
				SWIFT_ACTIVE_COMPILATION_CONDITIONS = "DEBUG $(inherited)";
				SWIFT_OPTIMIZATION_LEVEL = "-Onone";
			};
			name = Debug;
		};
		8C24CFFE2B2785180061B63C /* Release */ = {
			isa = XCBuildConfiguration;
			buildSettings = {
				ALWAYS_SEARCH_USER_PATHS = NO;
				ASSETCATALOG_COMPILER_GENERATE_SWIFT_ASSET_SYMBOL_EXTENSIONS = YES;
				CLANG_ANALYZER_NONNULL = YES;
				CLANG_ANALYZER_NUMBER_OBJECT_CONVERSION = YES_AGGRESSIVE;
				CLANG_CXX_LANGUAGE_STANDARD = "gnu++20";
				CLANG_ENABLE_MODULES = YES;
				CLANG_ENABLE_OBJC_ARC = YES;
				CLANG_ENABLE_OBJC_WEAK = YES;
				CLANG_WARN_BLOCK_CAPTURE_AUTORELEASING = YES;
				CLANG_WARN_BOOL_CONVERSION = YES;
				CLANG_WARN_COMMA = YES;
				CLANG_WARN_CONSTANT_CONVERSION = YES;
				CLANG_WARN_DEPRECATED_OBJC_IMPLEMENTATIONS = YES;
				CLANG_WARN_DIRECT_OBJC_ISA_USAGE = YES_ERROR;
				CLANG_WARN_DOCUMENTATION_COMMENTS = YES;
				CLANG_WARN_EMPTY_BODY = YES;
				CLANG_WARN_ENUM_CONVERSION = YES;
				CLANG_WARN_INFINITE_RECURSION = YES;
				CLANG_WARN_INT_CONVERSION = YES;
				CLANG_WARN_NON_LITERAL_NULL_CONVERSION = YES;
				CLANG_WARN_OBJC_IMPLICIT_RETAIN_SELF = YES;
				CLANG_WARN_OBJC_LITERAL_CONVERSION = YES;
				CLANG_WARN_OBJC_ROOT_CLASS = YES_ERROR;
				CLANG_WARN_QUOTED_INCLUDE_IN_FRAMEWORK_HEADER = YES;
				CLANG_WARN_RANGE_LOOP_ANALYSIS = YES;
				CLANG_WARN_STRICT_PROTOTYPES = YES;
				CLANG_WARN_SUSPICIOUS_MOVE = YES;
				CLANG_WARN_UNGUARDED_AVAILABILITY = YES_AGGRESSIVE;
				CLANG_WARN_UNREACHABLE_CODE = YES;
				CLANG_WARN__DUPLICATE_METHOD_MATCH = YES;
				COPY_PHASE_STRIP = NO;
				DEBUG_INFORMATION_FORMAT = "dwarf-with-dsym";
				ENABLE_NS_ASSERTIONS = NO;
				ENABLE_STRICT_OBJC_MSGSEND = YES;
				ENABLE_USER_SCRIPT_SANDBOXING = YES;
				GCC_C_LANGUAGE_STANDARD = gnu17;
				GCC_NO_COMMON_BLOCKS = YES;
				GCC_WARN_64_TO_32_BIT_CONVERSION = YES;
				GCC_WARN_ABOUT_RETURN_TYPE = YES_ERROR;
				GCC_WARN_UNDECLARED_SELECTOR = YES;
				GCC_WARN_UNINITIALIZED_AUTOS = YES_AGGRESSIVE;
				GCC_WARN_UNUSED_FUNCTION = YES;
				GCC_WARN_UNUSED_VARIABLE = YES;
				IPHONEOS_DEPLOYMENT_TARGET = 17.0;
				LOCALIZATION_PREFERS_STRING_CATALOGS = YES;
				MTL_ENABLE_DEBUG_INFO = NO;
				MTL_FAST_MATH = YES;
				SDKROOT = iphoneos;
				SWIFT_COMPILATION_MODE = wholemodule;
				VALIDATE_PRODUCT = YES;
			};
			name = Release;
		};
		8C24D0002B2785180061B63C /* Debug */ = {
			isa = XCBuildConfiguration;
			buildSettings = {
				ASSETCATALOG_COMPILER_APPICON_NAME = AppIcon;
				ASSETCATALOG_COMPILER_GLOBAL_ACCENT_COLOR_NAME = AccentColor;
				CODE_SIGN_STYLE = Automatic;
				CURRENT_PROJECT_VERSION = 1;
				DEVELOPMENT_ASSET_PATHS = "\"BooksSummary/Preview Content\"";
				DEVELOPMENT_TEAM = 98PQL27BHK;
				ENABLE_PREVIEWS = YES;
				GENERATE_INFOPLIST_FILE = YES;
				INFOPLIST_KEY_UIApplicationSceneManifest_Generation = YES;
				INFOPLIST_KEY_UIApplicationSupportsIndirectInputEvents = YES;
				INFOPLIST_KEY_UILaunchScreen_Generation = YES;
				INFOPLIST_KEY_UISupportedInterfaceOrientations_iPad = "UIInterfaceOrientationPortrait UIInterfaceOrientationPortraitUpsideDown UIInterfaceOrientationLandscapeLeft UIInterfaceOrientationLandscapeRight";
				INFOPLIST_KEY_UISupportedInterfaceOrientations_iPhone = "UIInterfaceOrientationPortrait UIInterfaceOrientationLandscapeLeft UIInterfaceOrientationLandscapeRight";
				LD_RUNPATH_SEARCH_PATHS = (
					"$(inherited)",
					"@executable_path/Frameworks",
				);
				MARKETING_VERSION = 1.0;
				PRODUCT_BUNDLE_IDENTIFIER = com.cs.BooksSummary;
				PRODUCT_NAME = "$(TARGET_NAME)";
				SWIFT_EMIT_LOC_STRINGS = YES;
				SWIFT_VERSION = 5.0;
				TARGETED_DEVICE_FAMILY = "1,2";
			};
			name = Debug;
		};
		8C24D0012B2785180061B63C /* Release */ = {
			isa = XCBuildConfiguration;
			buildSettings = {
				ASSETCATALOG_COMPILER_APPICON_NAME = AppIcon;
				ASSETCATALOG_COMPILER_GLOBAL_ACCENT_COLOR_NAME = AccentColor;
				CODE_SIGN_STYLE = Automatic;
				CURRENT_PROJECT_VERSION = 1;
				DEVELOPMENT_ASSET_PATHS = "\"BooksSummary/Preview Content\"";
				DEVELOPMENT_TEAM = 98PQL27BHK;
				ENABLE_PREVIEWS = YES;
				GENERATE_INFOPLIST_FILE = YES;
				INFOPLIST_KEY_UIApplicationSceneManifest_Generation = YES;
				INFOPLIST_KEY_UIApplicationSupportsIndirectInputEvents = YES;
				INFOPLIST_KEY_UILaunchScreen_Generation = YES;
				INFOPLIST_KEY_UISupportedInterfaceOrientations_iPad = "UIInterfaceOrientationPortrait UIInterfaceOrientationPortraitUpsideDown UIInterfaceOrientationLandscapeLeft UIInterfaceOrientationLandscapeRight";
				INFOPLIST_KEY_UISupportedInterfaceOrientations_iPhone = "UIInterfaceOrientationPortrait UIInterfaceOrientationLandscapeLeft UIInterfaceOrientationLandscapeRight";
				LD_RUNPATH_SEARCH_PATHS = (
					"$(inherited)",
					"@executable_path/Frameworks",
				);
				MARKETING_VERSION = 1.0;
				PRODUCT_BUNDLE_IDENTIFIER = com.cs.BooksSummary;
				PRODUCT_NAME = "$(TARGET_NAME)";
				SWIFT_EMIT_LOC_STRINGS = YES;
				SWIFT_VERSION = 5.0;
				TARGETED_DEVICE_FAMILY = "1,2";
			};
			name = Release;
		};
/* End XCBuildConfiguration section */

/* Begin XCConfigurationList section */
		8C24CFEC2B2785160061B63C /* Build configuration list for PBXProject "BooksSummary" */ = {
			isa = XCConfigurationList;
			buildConfigurations = (
				8C24CFFD2B2785180061B63C /* Debug */,
				8C24CFFE2B2785180061B63C /* Release */,
			);
			defaultConfigurationIsVisible = 0;
			defaultConfigurationName = Release;
		};
		8C24CFFF2B2785180061B63C /* Build configuration list for PBXNativeTarget "BooksSummary" */ = {
			isa = XCConfigurationList;
			buildConfigurations = (
				8C24D0002B2785180061B63C /* Debug */,
				8C24D0012B2785180061B63C /* Release */,
			);
			defaultConfigurationIsVisible = 0;
			defaultConfigurationName = Release;
		};
/* End XCConfigurationList section */

/* Begin XCRemoteSwiftPackageReference section */
		8C24D0022B2786640061B63C /* XCRemoteSwiftPackageReference "swift-composable-architecture" */ = {
			isa = XCRemoteSwiftPackageReference;
			repositoryURL = "https://github.com/pointfreeco/swift-composable-architecture";
			requirement = {
				kind = upToNextMajorVersion;
				minimumVersion = 1.5.3;
			};
		};
/* End XCRemoteSwiftPackageReference section */

/* Begin XCSwiftPackageProductDependency section */
		8C24D0032B2786640061B63C /* ComposableArchitecture */ = {
			isa = XCSwiftPackageProductDependency;
			package = 8C24D0022B2786640061B63C /* XCRemoteSwiftPackageReference "swift-composable-architecture" */;
			productName = ComposableArchitecture;
		};
/* End XCSwiftPackageProductDependency section */
	};
	rootObject = 8C24CFE92B2785160061B63C /* Project object */;
}
